
Microsoft Visual Studio Solution File, Format Version 12.00
# Visual Studio Version 17
VisualStudioVersion = 17.5.002.0
MinimumVisualStudioVersion = 10.0.40219.1
Project("{9A19103F-16F7-4668-BE54-9A1E7A4F7556}") = "SecureTokenGenerator", "SecureTokenGenerator.csproj", "{876CE60E-85E5-456B-9414-5E488D5E0735}"
EndProject
Global
	GlobalSection(SolutionConfigurationPlatforms) = preSolution
		Debug|Any CPU = Debug|Any CPU
		Release|Any CPU = Release|Any CPU
	EndGlobalSection
	GlobalSection(ProjectConfigurationPlatforms) = postSolution
		{876CE60E-85E5-456B-9414-5E488D5E0735}.Debug|Any CPU.ActiveCfg = Debug|Any CPU
		{876CE60E-85E5-456B-9414-5E488D5E0735}.Debug|Any CPU.Build.0 = Debug|Any CPU
		{876CE60E-85E5-456B-9414-5E488D5E0735}.Release|Any CPU.ActiveCfg = Release|Any CPU
		{876CE60E-85E5-456B-9414-5E488D5E0735}.Release|Any CPU.Build.0 = Release|Any CPU
	EndGlobalSection
	GlobalSection(SolutionProperties) = preSolution
		HideSolutionNode = FALSE
	EndGlobalSection
	GlobalSection(ExtensibilityGlobals) = postSolution
		SolutionGuid = {9FCADC3E-2B6A-40B8-AABD-8139E2BFC08D}
	EndGlobalSection
EndGlobal
